// !$*UTF8*$!
{
	archiveVersion = 1;
	classes = {
	};
	objectVersion = 48;
	objects = {

/* Begin PBXBuildFile section */
		CD649D3F2067874A00897CBC /* main.m in Sources */ = {isa = PBXBuildFile; fileRef = CD649D3E2067874A00897CBC /* main.m */; };
		CD649D6020678C7A00897CBC /* AppDelegate.m in Sources */ = {isa = PBXBuildFile; fileRef = CD649D5420678C7A00897CBC /* AppDelegate.m */; };
		CD649D6720678C8200897CBC /* Assets.xcassets in Resources */ = {isa = PBXBuildFile; fileRef = CD649D6220678C8200897CBC /* Assets.xcassets */; };
		CD649D6820678C8200897CBC /* LaunchScreen.storyboard in Resources */ = {isa = PBXBuildFile; fileRef = CD649D6320678C8200897CBC /* LaunchScreen.storyboard */; };
		CD649D6920678C8200897CBC /* Main.storyboard in Resources */ = {isa = PBXBuildFile; fileRef = CD649D6520678C8200897CBC /* Main.storyboard */; };
		CD649D6C20678D5400897CBC /* IHMainViewController.m in Sources */ = {isa = PBXBuildFile; fileRef = CD649D6B20678D5400897CBC /* IHMainViewController.m */; };
		CD649D6F20678D7800897CBC /* IHNavigationController.m in Sources */ = {isa = PBXBuildFile; fileRef = CD649D6E20678D7800897CBC /* IHNavigationController.m */; };
		CD649D7220678DB100897CBC /* IHBaseViewController.m in Sources */ = {isa = PBXBuildFile; fileRef = CD649D7120678DB100897CBC /* IHBaseViewController.m */; };
		CD649D7520678DD200897CBC /* IHHomeViewController.m in Sources */ = {isa = PBXBuildFile; fileRef = CD649D7420678DD200897CBC /* IHHomeViewController.m */; };
		CD649D7820678DEA00897CBC /* IHNewsViewController.m in Sources */ = {isa = PBXBuildFile; fileRef = CD649D7720678DEA00897CBC /* IHNewsViewController.m */; };
		CD649D7B20678DF400897CBC /* IHPlanViewController.m in Sources */ = {isa = PBXBuildFile; fileRef = CD649D7A20678DF400897CBC /* IHPlanViewController.m */; };
		CD649D7E20678E0600897CBC /* IHAssignmentViewController.m in Sources */ = {isa = PBXBuildFile; fileRef = CD649D7D20678E0600897CBC /* IHAssignmentViewController.m */; };
		CD649D8120678E1C00897CBC /* IHPersonalInfoViewController.m in Sources */ = {isa = PBXBuildFile; fileRef = CD649D8020678E1C00897CBC /* IHPersonalInfoViewController.m */; };
/* End PBXBuildFile section */

/* Begin PBXFileReference section */
		CD649D2C2067874A00897CBC /* Inhual.app */ = {isa = PBXFileReference; explicitFileType = wrapper.application; includeInIndex = 0; path = Inhual.app; sourceTree = BUILT_PRODUCTS_DIR; };
		CD649D3D2067874A00897CBC /* Info.plist */ = {isa = PBXFileReference; lastKnownFileType = text.plist.xml; path = Info.plist; sourceTree = "<group>"; };
		CD649D3E2067874A00897CBC /* main.m */ = {isa = PBXFileReference; lastKnownFileType = sourcecode.c.objc; path = main.m; sourceTree = "<group>"; };
		CD649D5320678C7A00897CBC /* AppDelegate.h */ = {isa = PBXFileReference; fileEncoding = 4; lastKnownFileType = sourcecode.c.h; path = AppDelegate.h; sourceTree = "<group>"; };
		CD649D5420678C7A00897CBC /* AppDelegate.m */ = {isa = PBXFileReference; fileEncoding = 4; lastKnownFileType = sourcecode.c.objc; path = AppDelegate.m; sourceTree = "<group>"; };
		CD649D6220678C8200897CBC /* Assets.xcassets */ = {isa = PBXFileReference; lastKnownFileType = folder.assetcatalog; path = Assets.xcassets; sourceTree = "<group>"; };
		CD649D6420678C8200897CBC /* Base */ = {isa = PBXFileReference; lastKnownFileType = file.storyboard; name = Base; path = Base.lproj/LaunchScreen.storyboard; sourceTree = "<group>"; };
		CD649D6620678C8200897CBC /* Base */ = {isa = PBXFileReference; lastKnownFileType = file.storyboard; name = Base; path = Base.lproj/Main.storyboard; sourceTree = "<group>"; };
		CD649D6A20678D5400897CBC /* IHMainViewController.h */ = {isa = PBXFileReference; lastKnownFileType = sourcecode.c.h; path = IHMainViewController.h; sourceTree = "<group>"; };
		CD649D6B20678D5400897CBC /* IHMainViewController.m */ = {isa = PBXFileReference; lastKnownFileType = sourcecode.c.objc; path = IHMainViewController.m; sourceTree = "<group>"; };
		CD649D6D20678D7800897CBC /* IHNavigationController.h */ = {isa = PBXFileReference; lastKnownFileType = sourcecode.c.h; path = IHNavigationController.h; sourceTree = "<group>"; };
		CD649D6E20678D7800897CBC /* IHNavigationController.m */ = {isa = PBXFileReference; lastKnownFileType = sourcecode.c.objc; path = IHNavigationController.m; sourceTree = "<group>"; };
		CD649D7020678DB100897CBC /* IHBaseViewController.h */ = {isa = PBXFileReference; lastKnownFileType = sourcecode.c.h; path = IHBaseViewController.h; sourceTree = "<group>"; };
		CD649D7120678DB100897CBC /* IHBaseViewController.m */ = {isa = PBXFileReference; lastKnownFileType = sourcecode.c.objc; path = IHBaseViewController.m; sourceTree = "<group>"; };
		CD649D7320678DD200897CBC /* IHHomeViewController.h */ = {isa = PBXFileReference; lastKnownFileType = sourcecode.c.h; path = IHHomeViewController.h; sourceTree = "<group>"; };
		CD649D7420678DD200897CBC /* IHHomeViewController.m */ = {isa = PBXFileReference; lastKnownFileType = sourcecode.c.objc; path = IHHomeViewController.m; sourceTree = "<group>"; };
		CD649D7620678DEA00897CBC /* IHNewsViewController.h */ = {isa = PBXFileReference; lastKnownFileType = sourcecode.c.h; path = IHNewsViewController.h; sourceTree = "<group>"; };
		CD649D7720678DEA00897CBC /* IHNewsViewController.m */ = {isa = PBXFileReference; lastKnownFileType = sourcecode.c.objc; path = IHNewsViewController.m; sourceTree = "<group>"; };
		CD649D7920678DF400897CBC /* IHPlanViewController.h */ = {isa = PBXFileReference; lastKnownFileType = sourcecode.c.h; path = IHPlanViewController.h; sourceTree = "<group>"; };
		CD649D7A20678DF400897CBC /* IHPlanViewController.m */ = {isa = PBXFileReference; lastKnownFileType = sourcecode.c.objc; path = IHPlanViewController.m; sourceTree = "<group>"; };
		CD649D7C20678E0600897CBC /* IHAssignmentViewController.h */ = {isa = PBXFileReference; lastKnownFileType = sourcecode.c.h; path = IHAssignmentViewController.h; sourceTree = "<group>"; };
		CD649D7D20678E0600897CBC /* IHAssignmentViewController.m */ = {isa = PBXFileReference; lastKnownFileType = sourcecode.c.objc; path = IHAssignmentViewController.m; sourceTree = "<group>"; };
		CD649D7F20678E1C00897CBC /* IHPersonalInfoViewController.h */ = {isa = PBXFileReference; lastKnownFileType = sourcecode.c.h; path = IHPersonalInfoViewController.h; sourceTree = "<group>"; };
		CD649D8020678E1C00897CBC /* IHPersonalInfoViewController.m */ = {isa = PBXFileReference; lastKnownFileType = sourcecode.c.objc; path = IHPersonalInfoViewController.m; sourceTree = "<group>"; };
/* End PBXFileReference section */

/* Begin PBXFrameworksBuildPhase section */
		CD649D292067874A00897CBC /* Frameworks */ = {
			isa = PBXFrameworksBuildPhase;
			buildActionMask = 2147483647;
			files = (
			);
			runOnlyForDeploymentPostprocessing = 0;
		};
/* End PBXFrameworksBuildPhase section */

/* Begin PBXGroup section */
		CD649D232067874A00897CBC = {
			isa = PBXGroup;
			children = (
				CD649D2E2067874A00897CBC /* Inhual */,
				CD649D2D2067874A00897CBC /* Products */,
			);
			sourceTree = "<group>";
		};
		CD649D2D2067874A00897CBC /* Products */ = {
			isa = PBXGroup;
			children = (
				CD649D2C2067874A00897CBC /* Inhual.app */,
			);
			name = Products;
			sourceTree = "<group>";
		};
		CD649D2E2067874A00897CBC /* Inhual */ = {
			isa = PBXGroup;
			children = (
				CD649D4D20678C7A00897CBC /* Classes */,
				CD649D3D2067874A00897CBC /* Info.plist */,
				CD649D3E2067874A00897CBC /* main.m */,
				CD649D6120678C8200897CBC /* Other */,
			);
			path = Inhual;
			sourceTree = "<group>";
		};
		CD649D4D20678C7A00897CBC /* Classes */ = {
			isa = PBXGroup;
			children = (
				CD649D5320678C7A00897CBC /* AppDelegate.h */,
				CD649D5420678C7A00897CBC /* AppDelegate.m */,
				CD649D5520678C7A00897CBC /* Main */,
				CD649D4E20678C7A00897CBC /* Expand */,
				CD649D5F20678C7A00897CBC /* Vender */,
			);
			path = Classes;
			sourceTree = "<group>";
		};
		CD649D4E20678C7A00897CBC /* Expand */ = {
			isa = PBXGroup;
			children = (
				CD649D4F20678C7A00897CBC /* DataBase */,
				CD649D5020678C7A00897CBC /* Category */,
				CD649D5120678C7A00897CBC /* Network */,
				CD649D5220678C7A00897CBC /* Tool */,
			);
			path = Expand;
			sourceTree = "<group>";
		};
		CD649D4F20678C7A00897CBC /* DataBase */ = {
			isa = PBXGroup;
			children = (
			);
			path = DataBase;
			sourceTree = "<group>";
		};
		CD649D5020678C7A00897CBC /* Category */ = {
			isa = PBXGroup;
			children = (
			);
			path = Category;
			sourceTree = "<group>";
		};
		CD649D5120678C7A00897CBC /* Network */ = {
			isa = PBXGroup;
			children = (
			);
			path = Network;
			sourceTree = "<group>";
		};
		CD649D5220678C7A00897CBC /* Tool */ = {
			isa = PBXGroup;
			children = (
			);
			path = Tool;
			sourceTree = "<group>";
		};
		CD649D5520678C7A00897CBC /* Main */ = {
			isa = PBXGroup;
			children = (
				CD649D5E20678C7A00897CBC /* Base */,
				CD649D5620678C7A00897CBC /* Home */,
				CD649D5C20678C7A00897CBC /* News */,
				CD649D5720678C7A00897CBC /* Plan */,
				CD649D5B20678C7A00897CBC /* Assignment */,
				CD649D5D20678C7A00897CBC /* Me */,
				CD649D5820678C7A00897CBC /* Other */,
			);
			path = Main;
			sourceTree = "<group>";
		};
		CD649D5620678C7A00897CBC /* Home */ = {
			isa = PBXGroup;
			children = (
				CD649D7320678DD200897CBC /* IHHomeViewController.h */,
				CD649D7420678DD200897CBC /* IHHomeViewController.m */,
			);
			path = Home;
			sourceTree = "<group>";
		};
		CD649D5720678C7A00897CBC /* Plan */ = {
			isa = PBXGroup;
			children = (
				CD649D7920678DF400897CBC /* IHPlanViewController.h */,
				CD649D7A20678DF400897CBC /* IHPlanViewController.m */,
			);
			path = Plan;
			sourceTree = "<group>";
		};
		CD649D5820678C7A00897CBC /* Other */ = {
			isa = PBXGroup;
			children = (
				CD649D5920678C7A00897CBC /* Public */,
				CD649D5A20678C7A00897CBC /* Login */,
			);
			path = Other;
			sourceTree = "<group>";
		};
		CD649D5920678C7A00897CBC /* Public */ = {
			isa = PBXGroup;
			children = (
			);
			path = Public;
			sourceTree = "<group>";
		};
		CD649D5A20678C7A00897CBC /* Login */ = {
			isa = PBXGroup;
			children = (
			);
			path = Login;
			sourceTree = "<group>";
		};
		CD649D5B20678C7A00897CBC /* Assignment */ = {
			isa = PBXGroup;
			children = (
				CD649D7C20678E0600897CBC /* IHAssignmentViewController.h */,
				CD649D7D20678E0600897CBC /* IHAssignmentViewController.m */,
			);
			path = Assignment;
			sourceTree = "<group>";
		};
		CD649D5C20678C7A00897CBC /* News */ = {
			isa = PBXGroup;
			children = (
				CD649D7620678DEA00897CBC /* IHNewsViewController.h */,
				CD649D7720678DEA00897CBC /* IHNewsViewController.m */,
			);
			path = News;
			sourceTree = "<group>";
		};
		CD649D5D20678C7A00897CBC /* Me */ = {
			isa = PBXGroup;
			children = (
				CD649D7F20678E1C00897CBC /* IHPersonalInfoViewController.h */,
				CD649D8020678E1C00897CBC /* IHPersonalInfoViewController.m */,
			);
			path = Me;
			sourceTree = "<group>";
		};
		CD649D5E20678C7A00897CBC /* Base */ = {
			isa = PBXGroup;
			children = (
				CD649D6A20678D5400897CBC /* IHMainViewController.h */,
				CD649D6B20678D5400897CBC /* IHMainViewController.m */,
				CD649D6D20678D7800897CBC /* IHNavigationController.h */,
				CD649D6E20678D7800897CBC /* IHNavigationController.m */,
				CD649D7020678DB100897CBC /* IHBaseViewController.h */,
				CD649D7120678DB100897CBC /* IHBaseViewController.m */,
			);
			path = Base;
			sourceTree = "<group>";
		};
		CD649D5F20678C7A00897CBC /* Vender */ = {
			isa = PBXGroup;
			children = (
			);
			path = Vender;
			sourceTree = "<group>";
		};
		CD649D6120678C8200897CBC /* Other */ = {
			isa = PBXGroup;
			children = (
				CD649D6220678C8200897CBC /* Assets.xcassets */,
				CD649D6320678C8200897CBC /* LaunchScreen.storyboard */,
				CD649D6520678C8200897CBC /* Main.storyboard */,
			);
			path = Other;
			sourceTree = "<group>";
		};
/* End PBXGroup section */

/* Begin PBXNativeTarget section */
		CD649D2B2067874A00897CBC /* Inhual */ = {
			isa = PBXNativeTarget;
			buildConfigurationList = CD649D422067874A00897CBC /* Build configuration list for PBXNativeTarget "Inhual" */;
			buildPhases = (
				CD649D282067874A00897CBC /* Sources */,
				CD649D292067874A00897CBC /* Frameworks */,
				CD649D2A2067874A00897CBC /* Resources */,
			);
			buildRules = (
			);
			dependencies = (
			);
			name = Inhual;
			productName = Inhual;
			productReference = CD649D2C2067874A00897CBC /* Inhual.app */;
			productType = "com.apple.product-type.application";
		};
/* End PBXNativeTarget section */

/* Begin PBXProject section */
		CD649D242067874A00897CBC /* Project object */ = {
			isa = PBXProject;
			attributes = {
				LastUpgradeCheck = 0910;
				ORGANIZATIONNAME = runsen;
				TargetAttributes = {
					CD649D2B2067874A00897CBC = {
						CreatedOnToolsVersion = 9.1;
						ProvisioningStyle = Automatic;
					};
				};
			};
			buildConfigurationList = CD649D272067874A00897CBC /* Build configuration list for PBXProject "Inhual" */;
			compatibilityVersion = "Xcode 8.0";
			developmentRegion = en;
			hasScannedForEncodings = 0;
			knownRegions = (
				en,
				Base,
			);
			mainGroup = CD649D232067874A00897CBC;
			productRefGroup = CD649D2D2067874A00897CBC /* Products */;
			projectDirPath = "";
			projectRoot = "";
			targets = (
				CD649D2B2067874A00897CBC /* Inhual */,
			);
		};
/* End PBXProject section */

/* Begin PBXResourcesBuildPhase section */
		CD649D2A2067874A00897CBC /* Resources */ = {
			isa = PBXResourcesBuildPhase;
			buildActionMask = 2147483647;
			files = (
				CD649D6920678C8200897CBC /* Main.storyboard in Resources */,
				CD649D6720678C8200897CBC /* Assets.xcassets in Resources */,
				CD649D6820678C8200897CBC /* LaunchScreen.storyboard in Resources */,
			);
			runOnlyForDeploymentPostprocessing = 0;
		};
/* End PBXResourcesBuildPhase section */

/* Begin PBXSourcesBuildPhase section */
		CD649D282067874A00897CBC /* Sources */ = {
			isa = PBXSourcesBuildPhase;
			buildActionMask = 2147483647;
			files = (
				CD649D7520678DD200897CBC /* IHHomeViewController.m in Sources */,
				CD649D7220678DB100897CBC /* IHBaseViewController.m in Sources */,
				CD649D7820678DEA00897CBC /* IHNewsViewController.m in Sources */,
				CD649D7E20678E0600897CBC /* IHAssignmentViewController.m in Sources */,
				CD649D6F20678D7800897CBC /* IHNavigationController.m in Sources */,
				CD649D7B20678DF400897CBC /* IHPlanViewController.m in Sources */,
				CD649D6020678C7A00897CBC /* AppDelegate.m in Sources */,
				CD649D6C20678D5400897CBC /* IHMainViewController.m in Sources */,
				CD649D3F2067874A00897CBC /* main.m in Sources */,
				CD649D8120678E1C00897CBC /* IHPersonalInfoViewController.m in Sources */,
			);
			runOnlyForDeploymentPostprocessing = 0;
		};
/* End PBXSourcesBuildPhase section */

/* Begin PBXVariantGroup section */
		CD649D6320678C8200897CBC /* LaunchScreen.storyboard */ = {
			isa = PBXVariantGroup;
			children = (
				CD649D6420678C8200897CBC /* Base */,
			);
			name = LaunchScreen.storyboard;
			sourceTree = "<group>";
		};
		CD649D6520678C8200897CBC /* Main.storyboard */ = {
			isa = PBXVariantGroup;
			children = (
				CD649D6620678C8200897CBC /* Base */,
			);
			name = Main.storyboard;
			sourceTree = "<group>";
		};
/* End PBXVariantGroup section */

/* Begin XCBuildConfiguration section */
		CD649D402067874A00897CBC /* Debug */ = {
			isa = XCBuildConfiguration;
			buildSettings = {
				ALWAYS_SEARCH_USER_PATHS = NO;
				CLANG_ANALYZER_NONNULL = YES;
				CLANG_ANALYZER_NUMBER_OBJECT_CONVERSION = YES_AGGRESSIVE;
				CLANG_CXX_LANGUAGE_STANDARD = "gnu++14";
				CLANG_CXX_LIBRARY = "libc++";
				CLANG_ENABLE_MODULES = YES;
				CLANG_ENABLE_OBJC_ARC = YES;
				CLANG_WARN_BLOCK_CAPTURE_AUTORELEASING = YES;
				CLANG_WARN_BOOL_CONVERSION = YES;
				CLANG_WARN_COMMA = YES;
				CLANG_WARN_CONSTANT_CONVERSION = YES;
				CLANG_WARN_DIRECT_OBJC_ISA_USAGE = YES_ERROR;
				CLANG_WARN_DOCUMENTATION_COMMENTS = YES;
				CLANG_WARN_EMPTY_BODY = YES;
				CLANG_WARN_ENUM_CONVERSION = YES;
				CLANG_WARN_INFINITE_RECURSION = YES;
				CLANG_WARN_INT_CONVERSION = YES;
				CLANG_WARN_NON_LITERAL_NULL_CONVERSION = YES;
				CLANG_WARN_OBJC_LITERAL_CONVERSION = YES;
				CLANG_WARN_OBJC_ROOT_CLASS = YES_ERROR;
				CLANG_WARN_RANGE_LOOP_ANALYSIS = YES;
				CLANG_WARN_STRICT_PROTOTYPES = YES;
				CLANG_WARN_SUSPICIOUS_MOVE = YES;
				CLANG_WARN_UNGUARDED_AVAILABILITY = YES_AGGRESSIVE;
				CLANG_WARN_UNREACHABLE_CODE = YES;
				CLANG_WARN__DUPLICATE_METHOD_MATCH = YES;
				CODE_SIGN_IDENTITY = "iPhone Developer";
				COPY_PHASE_STRIP = NO;
				DEBUG_INFORMATION_FORMAT = dwarf;
				ENABLE_STRICT_OBJC_MSGSEND = YES;
				ENABLE_TESTABILITY = YES;
				GCC_C_LANGUAGE_STANDARD = gnu11;
				GCC_DYNAMIC_NO_PIC = NO;
				GCC_NO_COMMON_BLOCKS = YES;
				GCC_OPTIMIZATION_LEVEL = 0;
				GCC_PREPROCESSOR_DEFINITIONS = (
					"DEBUG=1",
					"$(inherited)",
				);
				GCC_WARN_64_TO_32_BIT_CONVERSION = YES;
				GCC_WARN_ABOUT_RETURN_TYPE = YES_ERROR;
				GCC_WARN_UNDECLARED_SELECTOR = YES;
				GCC_WARN_UNINITIALIZED_AUTOS = YES_AGGRESSIVE;
				GCC_WARN_UNUSED_FUNCTION = YES;
				GCC_WARN_UNUSED_VARIABLE = YES;
				IPHONEOS_DEPLOYMENT_TARGET = 11.1;
				MTL_ENABLE_DEBUG_INFO = YES;
				ONLY_ACTIVE_ARCH = YES;
				SDKROOT = iphoneos;
			};
			name = Debug;
		};
		CD649D412067874A00897CBC /* Release */ = {
			isa = XCBuildConfiguration;
			buildSettings = {
				ALWAYS_SEARCH_USER_PATHS = NO;
				CLANG_ANALYZER_NONNULL = YES;
				CLANG_ANALYZER_NUMBER_OBJECT_CONVERSION = YES_AGGRESSIVE;
				CLANG_CXX_LANGUAGE_STANDARD = "gnu++14";
				CLANG_CXX_LIBRARY = "libc++";
				CLANG_ENABLE_MODULES = YES;
				CLANG_ENABLE_OBJC_ARC = YES;
				CLANG_WARN_BLOCK_CAPTURE_AUTORELEASING = YES;
				CLANG_WARN_BOOL_CONVERSION = YES;
				CLANG_WARN_COMMA = YES;
				CLANG_WARN_CONSTANT_CONVERSION = YES;
				CLANG_WARN_DIRECT_OBJC_ISA_USAGE = YES_ERROR;
				CLANG_WARN_DOCUMENTATION_COMMENTS = YES;
				CLANG_WARN_EMPTY_BODY = YES;
				CLANG_WARN_ENUM_CONVERSION = YES;
				CLANG_WARN_INFINITE_RECURSION = YES;
				CLANG_WARN_INT_CONVERSION = YES;
				CLANG_WARN_NON_LITERAL_NULL_CONVERSION = YES;
				CLANG_WARN_OBJC_LITERAL_CONVERSION = YES;
				CLANG_WARN_OBJC_ROOT_CLASS = YES_ERROR;
				CLANG_WARN_RANGE_LOOP_ANALYSIS = YES;
				CLANG_WARN_STRICT_PROTOTYPES = YES;
				CLANG_WARN_SUSPICIOUS_MOVE = YES;
				CLANG_WARN_UNGUARDED_AVAILABILITY = YES_AGGRESSIVE;
				CLANG_WARN_UNREACHABLE_CODE = YES;
				CLANG_WARN__DUPLICATE_METHOD_MATCH = YES;
				CODE_SIGN_IDENTITY = "iPhone Developer";
				COPY_PHASE_STRIP = NO;
				DEBUG_INFORMATION_FORMAT = "dwarf-with-dsym";
				ENABLE_NS_ASSERTIONS = NO;
				ENABLE_STRICT_OBJC_MSGSEND = YES;
				GCC_C_LANGUAGE_STANDARD = gnu11;
				GCC_NO_COMMON_BLOCKS = YES;
				GCC_WARN_64_TO_32_BIT_CONVERSION = YES;
				GCC_WARN_ABOUT_RETURN_TYPE = YES_ERROR;
				GCC_WARN_UNDECLARED_SELECTOR = YES;
				GCC_WARN_UNINITIALIZED_AUTOS = YES_AGGRESSIVE;
				GCC_WARN_UNUSED_FUNCTION = YES;
				GCC_WARN_UNUSED_VARIABLE = YES;
				IPHONEOS_DEPLOYMENT_TARGET = 11.1;
				MTL_ENABLE_DEBUG_INFO = NO;
				SDKROOT = iphoneos;
				VALIDATE_PRODUCT = YES;
			};
			name = Release;
		};
		CD649D432067874A00897CBC /* Debug */ = {
			isa = XCBuildConfiguration;
			buildSettings = {
				ASSETCATALOG_COMPILER_APPICON_NAME = AppIcon;
				CODE_SIGN_STYLE = Automatic;
				DEVELOPMENT_TEAM = 5C23J56UD3;
				INFOPLIST_FILE = Inhual/Info.plist;
				LD_RUNPATH_SEARCH_PATHS = "$(inherited) @executable_path/Frameworks";
				PRODUCT_BUNDLE_IDENTIFIER = com.runsen.Inhual;
				PRODUCT_NAME = "$(TARGET_NAME)";
				TARGETED_DEVICE_FAMILY = "1,2";
			};
			name = Debug;
		};
		CD649D442067874A00897CBC /* Release */ = {
			isa = XCBuildConfiguration;
			buildSettings = {
				ASSETCATALOG_COMPILER_APPICON_NAME = AppIcon;
				CODE_SIGN_STYLE = Automatic;
				DEVELOPMENT_TEAM = 5C23J56UD3;
				INFOPLIST_FILE = Inhual/Info.plist;
				LD_RUNPATH_SEARCH_PATHS = "$(inherited) @executable_path/Frameworks";
				PRODUCT_BUNDLE_IDENTIFIER = com.runsen.Inhual;
				PRODUCT_NAME = "$(TARGET_NAME)";
				TARGETED_DEVICE_FAMILY = "1,2";
			};
			name = Release;
		};
/* End XCBuildConfiguration section */

/* Begin XCConfigurationList section */
		CD649D272067874A00897CBC /* Build configuration list for PBXProject "Inhual" */ = {
			isa = XCConfigurationList;
			buildConfigurations = (
				CD649D402067874A00897CBC /* Debug */,
				CD649D412067874A00897CBC /* Release */,
			);
			defaultConfigurationIsVisible = 0;
			defaultConfigurationName = Release;
		};
		CD649D422067874A00897CBC /* Build configuration list for PBXNativeTarget "Inhual" */ = {
			isa = XCConfigurationList;
			buildConfigurations = (
				CD649D432067874A00897CBC /* Debug */,
				CD649D442067874A00897CBC /* Release */,
			);
			defaultConfigurationIsVisible = 0;
			defaultConfigurationName = Release;
		};
/* End XCConfigurationList section */
	};
	rootObject = CD649D242067874A00897CBC /* Project object */;
}
